
Microsoft Visual Studio Solution File, Format Version 12.00
# Visual Studio Version 17
VisualStudioVersion = 17.9.34728.123
MinimumVisualStudioVersion = 10.0.40219.1
Project("{FAE04EC0-301F-11D3-BF4B-00C04F79EFBC}") = "ex07_collections", "ex07_collections\ex07_collections.csproj", "{539E9364-7DBE-46C6-A6EF-731235E8A57C}"
EndProject
Project("{FAE04EC0-301F-11D3-BF4B-00C04F79EFBC}") = "ex08_generics", "ex08_generics\ex08_generics.csproj", "{29E2860F-A8D6-43CE-9243-2B2307713569}"
EndProject
Project("{FAE04EC0-301F-11D3-BF4B-00C04F79EFBC}") = "ex09_exception_handlings", "ex09_exception_handlings\ex09_exception_handlings.csproj", "{70617B7D-6C42-49E6-8595-66989A017CD9}"
EndProject
Project("{FAE04EC0-301F-11D3-BF4B-00C04F79EFBC}") = "ex10_delegators", "ex10_delegators\ex10_delegators.csproj", "{0A8FB958-FE65-4414-AE88-58D5938D64F9}"
EndProject
Project("{FAE04EC0-301F-11D3-BF4B-00C04F79EFBC}") = "ex11_events", "ex11_events\ex11_events.csproj", "{9FA478BA-A6AF-4704-A59B-E8D235D08C76}"
EndProject
Global
	GlobalSection(SolutionConfigurationPlatforms) = preSolution
		Debug|Any CPU = Debug|Any CPU
		Release|Any CPU = Release|Any CPU
	EndGlobalSection
	GlobalSection(ProjectConfigurationPlatforms) = postSolution
		{539E9364-7DBE-46C6-A6EF-731235E8A57C}.Debug|Any CPU.ActiveCfg = Debug|Any CPU
		{539E9364-7DBE-46C6-A6EF-731235E8A57C}.Debug|Any CPU.Build.0 = Debug|Any CPU
		{539E9364-7DBE-46C6-A6EF-731235E8A57C}.Release|Any CPU.ActiveCfg = Release|Any CPU
		{539E9364-7DBE-46C6-A6EF-731235E8A57C}.Release|Any CPU.Build.0 = Release|Any CPU
		{29E2860F-A8D6-43CE-9243-2B2307713569}.Debug|Any CPU.ActiveCfg = Debug|Any CPU
		{29E2860F-A8D6-43CE-9243-2B2307713569}.Debug|Any CPU.Build.0 = Debug|Any CPU
		{29E2860F-A8D6-43CE-9243-2B2307713569}.Release|Any CPU.ActiveCfg = Release|Any CPU
		{29E2860F-A8D6-43CE-9243-2B2307713569}.Release|Any CPU.Build.0 = Release|Any CPU
		{70617B7D-6C42-49E6-8595-66989A017CD9}.Debug|Any CPU.ActiveCfg = Debug|Any CPU
		{70617B7D-6C42-49E6-8595-66989A017CD9}.Debug|Any CPU.Build.0 = Debug|Any CPU
		{70617B7D-6C42-49E6-8595-66989A017CD9}.Release|Any CPU.ActiveCfg = Release|Any CPU
		{70617B7D-6C42-49E6-8595-66989A017CD9}.Release|Any CPU.Build.0 = Release|Any CPU
		{0A8FB958-FE65-4414-AE88-58D5938D64F9}.Debug|Any CPU.ActiveCfg = Debug|Any CPU
		{0A8FB958-FE65-4414-AE88-58D5938D64F9}.Debug|Any CPU.Build.0 = Debug|Any CPU
		{0A8FB958-FE65-4414-AE88-58D5938D64F9}.Release|Any CPU.ActiveCfg = Release|Any CPU
		{0A8FB958-FE65-4414-AE88-58D5938D64F9}.Release|Any CPU.Build.0 = Release|Any CPU
		{9FA478BA-A6AF-4704-A59B-E8D235D08C76}.Debug|Any CPU.ActiveCfg = Debug|Any CPU
		{9FA478BA-A6AF-4704-A59B-E8D235D08C76}.Debug|Any CPU.Build.0 = Debug|Any CPU
		{9FA478BA-A6AF-4704-A59B-E8D235D08C76}.Release|Any CPU.ActiveCfg = Release|Any CPU
		{9FA478BA-A6AF-4704-A59B-E8D235D08C76}.Release|Any CPU.Build.0 = Release|Any CPU
	EndGlobalSection
	GlobalSection(SolutionProperties) = preSolution
		HideSolutionNode = FALSE
	EndGlobalSection
	GlobalSection(ExtensibilityGlobals) = postSolution
		SolutionGuid = {CFA906FA-F676-4BCC-91ED-ADA778E575C1}
	EndGlobalSection
EndGlobal
