
Microsoft Visual Studio Solution File, Format Version 12.00
# Visual Studio Version 17
VisualStudioVersion = 17.9.34728.123
MinimumVisualStudioVersion = 10.0.40219.1
Project("{FAE04EC0-301F-11D3-BF4B-00C04F79EFBC}") = "ex19_asyncs", "ex19_asyncs\ex19_asyncs.csproj", "{79391B1C-B4A1-4903-8962-81E81FA8841C}"
EndProject
Global
	GlobalSection(SolutionConfigurationPlatforms) = preSolution
		Debug|Any CPU = Debug|Any CPU
		Release|Any CPU = Release|Any CPU
	EndGlobalSection
	GlobalSection(ProjectConfigurationPlatforms) = postSolution
		{79391B1C-B4A1-4903-8962-81E81FA8841C}.Debug|Any CPU.ActiveCfg = Debug|Any CPU
		{79391B1C-B4A1-4903-8962-81E81FA8841C}.Debug|Any CPU.Build.0 = Debug|Any CPU
		{79391B1C-B4A1-4903-8962-81E81FA8841C}.Release|Any CPU.ActiveCfg = Release|Any CPU
		{79391B1C-B4A1-4903-8962-81E81FA8841C}.Release|Any CPU.Build.0 = Release|Any CPU
	EndGlobalSection
	GlobalSection(SolutionProperties) = preSolution
		HideSolutionNode = FALSE
	EndGlobalSection
	GlobalSection(ExtensibilityGlobals) = postSolution
		SolutionGuid = {375F449D-806D-4027-B8BE-2589EEFF8F63}
	EndGlobalSection
EndGlobal
